
Microsoft Visual Studio Solution File, Format Version 12.00
# Visual Studio Version 16
VisualStudioVersion = 16.0.29728.190
MinimumVisualStudioVersion = 10.0.40219.1
Project("{FAE04EC0-301F-11D3-BF4B-00C04F79EFBC}") = "Downloader", "Downloader\Downloader.csproj", "{BDF25FC9-B66E-4308-8391-81799973C0D4}"
EndProject
Global
	GlobalSection(SolutionConfigurationPlatforms) = preSolution
		Debug|Any CPU = Debug|Any CPU
		Release|Any CPU = Release|Any CPU
	EndGlobalSection
	GlobalSection(ProjectConfigurationPlatforms) = postSolution
		{BDF25FC9-B66E-4308-8391-81799973C0D4}.Debug|Any CPU.ActiveCfg = Debug|Any CPU
		{BDF25FC9-B66E-4308-8391-81799973C0D4}.Debug|Any CPU.Build.0 = Debug|Any CPU
		{BDF25FC9-B66E-4308-8391-81799973C0D4}.Release|Any CPU.ActiveCfg = Release|Any CPU
		{BDF25FC9-B66E-4308-8391-81799973C0D4}.Release|Any CPU.Build.0 = Release|Any CPU
	EndGlobalSection
	GlobalSection(SolutionProperties) = preSolution
		HideSolutionNode = FALSE
	EndGlobalSection
	GlobalSection(ExtensibilityGlobals) = postSolution
		SolutionGuid = {86FB5B20-1A33-4D53-9379-23C07F5914F1}
	EndGlobalSection
EndGlobal
